
Microsoft Visual Studio Solution File, Format Version 12.00
# Visual Studio 2013
VisualStudioVersion = 12.0.31101.0
MinimumVisualStudioVersion = 10.0.40219.1
Project("{E24C65DC-7377-472B-9ABA-BC803B73C61A}") = "Capa_Presentacion(4)", "http://localhost:50102", "{7280F08F-C558-4AD8-8C62-2743DA21964A}"
	ProjectSection(WebsiteProperties) = preProject
		UseIISExpress = "true"
		TargetFrameworkMoniker = ".NETFramework,Version%3Dv3.5"
		ProjectReferences = "{a50958d2-8407-48f4-9a37-06cc4094d69b}|Capa_Funciones.dll;"
		Debug.AspNetCompiler.VirtualPath = "/localhost_50102"
		Debug.AspNetCompiler.PhysicalPath = "Capa_Presentacion\"
		Debug.AspNetCompiler.TargetPath = "PrecompiledWeb\localhost_50102\"
		Debug.AspNetCompiler.Updateable = "true"
		Debug.AspNetCompiler.ForceOverwrite = "true"
		Debug.AspNetCompiler.FixedNames = "false"
		Debug.AspNetCompiler.Debug = "True"
		Release.AspNetCompiler.VirtualPath = "/localhost_50102"
		Release.AspNetCompiler.PhysicalPath = "Capa_Presentacion\"
		Release.AspNetCompiler.TargetPath = "PrecompiledWeb\localhost_50102\"
		Release.AspNetCompiler.Updateable = "true"
		Release.AspNetCompiler.ForceOverwrite = "true"
		Release.AspNetCompiler.FixedNames = "false"
		Release.AspNetCompiler.Debug = "False"
		SlnRelativePath = "Capa_Presentacion\"
		DefaultWebSiteLanguage = "Visual C#"
	EndProjectSection
EndProject
Project("{FAE04EC0-301F-11D3-BF4B-00C04F79EFBC}") = "Capa_Funciones", "Capa_Funciones\Capa_Funciones.csproj", "{A50958D2-8407-48F4-9A37-06CC4094D69B}"
EndProject
Global
	GlobalSection(SolutionConfigurationPlatforms) = preSolution
		Debug|Any CPU = Debug|Any CPU
		Release|Any CPU = Release|Any CPU
	EndGlobalSection
	GlobalSection(ProjectConfigurationPlatforms) = postSolution
		{7280F08F-C558-4AD8-8C62-2743DA21964A}.Debug|Any CPU.ActiveCfg = Debug|Any CPU
		{7280F08F-C558-4AD8-8C62-2743DA21964A}.Debug|Any CPU.Build.0 = Debug|Any CPU
		{7280F08F-C558-4AD8-8C62-2743DA21964A}.Release|Any CPU.ActiveCfg = Debug|Any CPU
		{7280F08F-C558-4AD8-8C62-2743DA21964A}.Release|Any CPU.Build.0 = Debug|Any CPU
		{A50958D2-8407-48F4-9A37-06CC4094D69B}.Debug|Any CPU.ActiveCfg = Debug|Any CPU
		{A50958D2-8407-48F4-9A37-06CC4094D69B}.Debug|Any CPU.Build.0 = Debug|Any CPU
		{A50958D2-8407-48F4-9A37-06CC4094D69B}.Release|Any CPU.ActiveCfg = Release|Any CPU
		{A50958D2-8407-48F4-9A37-06CC4094D69B}.Release|Any CPU.Build.0 = Release|Any CPU
	EndGlobalSection
	GlobalSection(SolutionProperties) = preSolution
		HideSolutionNode = FALSE
	EndGlobalSection
EndGlobal
